{
  "name": "GakumuJouhousystem_SortSeiseki",
  "lockfileVersion": 3,
  "requires": true,
  "packages": {
    "": {
      "devDependencies": {
        "@tsconfig/strictest": "^2.0.3",
        "typescript": "^5.3.3"
      }
    },
    "node_modules/@tsconfig/strictest": {
      "version": "2.0.3",
      "resolved": "https://registry.npmjs.org/@tsconfig/strictest/-/strictest-2.0.3.tgz",
      "integrity": "sha512-MroLvRhMbqtXI5WBSwoomro6OQS4xnCoudUrMb20JO0vLKUs0bAaCEcvM/immEBSJjFAK1l6jW1oAO8q3Ancrg==",
      "dev": true
    },
    "node_modules/typescript": {
      "version": "5.3.3",
      "resolved": "https://registry.npmjs.org/typescript/-/typescript-5.3.3.tgz",
      "integrity": "sha512-pXWcraxM0uxAS+tN0AG/BF2TyqmHO014Z070UsJ+pFvYuRSq8KH8DmWpnbXe0pEPDHXZV3FcAbJkijJ5oNEnWw==",
      "dev": true,
      "bin": {
        "tsc": "bin/tsc",
        "tsserver": "bin/tsserver"
      },
      "engines": {
        "node": ">=14.17"
      }
    }
  }
}
